
Microsoft Visual Studio Solution File, Format Version 12.00
# Visual Studio Version 17
VisualStudioVersion = 17.0.32014.148
MinimumVisualStudioVersion = 10.0.40219.1
Project("{FAE04EC0-301F-11D3-BF4B-00C04F79EFBC}") = "InspectionApi", "InspectionApi\InspectionApi.csproj", "{280A29E2-E36E-493B-ABC9-0AD057C2387D}"
EndProject
Global
	GlobalSection(SolutionConfigurationPlatforms) = preSolution
		Debug|Any CPU = Debug|Any CPU
		Release|Any CPU = Release|Any CPU
	EndGlobalSection
	GlobalSection(ProjectConfigurationPlatforms) = postSolution
		{280A29E2-E36E-493B-ABC9-0AD057C2387D}.Debug|Any CPU.ActiveCfg = Debug|Any CPU
		{280A29E2-E36E-493B-ABC9-0AD057C2387D}.Debug|Any CPU.Build.0 = Debug|Any CPU
		{280A29E2-E36E-493B-ABC9-0AD057C2387D}.Release|Any CPU.ActiveCfg = Release|Any CPU
		{280A29E2-E36E-493B-ABC9-0AD057C2387D}.Release|Any CPU.Build.0 = Release|Any CPU
	EndGlobalSection
	GlobalSection(SolutionProperties) = preSolution
		HideSolutionNode = FALSE
	EndGlobalSection
	GlobalSection(ExtensibilityGlobals) = postSolution
		SolutionGuid = {2BB5D34F-7718-433B-8FF9-5A5FDAE495E5}
	EndGlobalSection
EndGlobal
